// !$*UTF8*$!
{
	archiveVersion = 1;
	classes = {
	};
	objectVersion = 55;
	objects = {

/* Begin PBXBuildFile section */
		6381D24825571B54005DAB5F /* main.cpp in Sources */ = {isa = PBXBuildFile; fileRef = 6381D24725571B54005DAB5F /* main.cpp */; };
		6381D25A25571D2A005DAB5F /* libMacDDS.dylib in Frameworks */ = {isa = PBXBuildFile; fileRef = 6381D25425571CD3005DAB5F /* libMacDDS.dylib */; };
		6381D260255800A9005DAB5F /* AnalysePlayPBN.cpp in Sources */ = {isa = PBXBuildFile; fileRef = 6381D25E255800A9005DAB5F /* AnalysePlayPBN.cpp */; };
		6381D264255800EB005DAB5F /* hands.cpp in Sources */ = {isa = PBXBuildFile; fileRef = 6381D262255800EB005DAB5F /* hands.cpp */; };
/* End PBXBuildFile section */

/* Begin PBXContainerItemProxy section */
		6381D25325571CD3005DAB5F /* PBXContainerItemProxy */ = {
			isa = PBXContainerItemProxy;
			containerPortal = 6381D24F25571CD2005DAB5F /* MacDDS.xcodeproj */;
			proxyType = 2;
			remoteGlobalIDString = 63D111FA248005A500768EF1;
			remoteInfo = MacDDS;
		};
		6381D25725571D11005DAB5F /* PBXContainerItemProxy */ = {
			isa = PBXContainerItemProxy;
			containerPortal = 6381D24F25571CD2005DAB5F /* MacDDS.xcodeproj */;
			proxyType = 1;
			remoteGlobalIDString = 63D111F9248005A500768EF1;
			remoteInfo = MacDDS;
		};
/* End PBXContainerItemProxy section */

/* Begin PBXCopyFilesBuildPhase section */
		6381D24225571B54005DAB5F /* CopyFiles */ = {
			isa = PBXCopyFilesBuildPhase;
			buildActionMask = 2147483647;
			dstPath = /usr/share/man/man1/;
			dstSubfolderSpec = 0;
			files = (
			);
			runOnlyForDeploymentPostprocessing = 1;
		};
/* End PBXCopyFilesBuildPhase section */

/* Begin PBXFileReference section */
		6381D24425571B54005DAB5F /* Bridgit */ = {isa = PBXFileReference; explicitFileType = "compiled.mach-o.executable"; includeInIndex = 0; path = Bridgit; sourceTree = BUILT_PRODUCTS_DIR; };
		6381D24725571B54005DAB5F /* main.cpp */ = {isa = PBXFileReference; lastKnownFileType = sourcecode.cpp.cpp; path = main.cpp; sourceTree = "<group>"; };
		6381D24F25571CD2005DAB5F /* MacDDS.xcodeproj */ = {isa = PBXFileReference; lastKnownFileType = "wrapper.pb-project"; name = MacDDS.xcodeproj; path = ../MacDDS/MacDDS.xcodeproj; sourceTree = "<group>"; };
		6381D25E255800A9005DAB5F /* AnalysePlayPBN.cpp */ = {isa = PBXFileReference; lastKnownFileType = sourcecode.cpp.cpp; path = AnalysePlayPBN.cpp; sourceTree = "<group>"; };
		6381D25F255800A9005DAB5F /* AnalysePlayPBN.hpp */ = {isa = PBXFileReference; lastKnownFileType = sourcecode.cpp.h; path = AnalysePlayPBN.hpp; sourceTree = "<group>"; };
		6381D262255800EB005DAB5F /* hands.cpp */ = {isa = PBXFileReference; lastKnownFileType = sourcecode.cpp.cpp; path = hands.cpp; sourceTree = "<group>"; };
		6381D263255800EB005DAB5F /* hands.hpp */ = {isa = PBXFileReference; lastKnownFileType = sourcecode.cpp.h; path = hands.hpp; sourceTree = "<group>"; };
/* End PBXFileReference section */

/* Begin PBXFrameworksBuildPhase section */
		6381D24125571B54005DAB5F /* Frameworks */ = {
			isa = PBXFrameworksBuildPhase;
			buildActionMask = 2147483647;
			files = (
				6381D25A25571D2A005DAB5F /* libMacDDS.dylib in Frameworks */,
			);
			runOnlyForDeploymentPostprocessing = 0;
		};
/* End PBXFrameworksBuildPhase section */

/* Begin PBXGroup section */
		6381D23B25571B54005DAB5F = {
			isa = PBXGroup;
			children = (
				6381D24F25571CD2005DAB5F /* MacDDS.xcodeproj */,
				6381D24625571B54005DAB5F /* Bridgit */,
				6381D24525571B54005DAB5F /* Products */,
				6381D25925571D2A005DAB5F /* Frameworks */,
			);
			sourceTree = "<group>";
		};
		6381D24525571B54005DAB5F /* Products */ = {
			isa = PBXGroup;
			children = (
				6381D24425571B54005DAB5F /* Bridgit */,
			);
			name = Products;
			sourceTree = "<group>";
		};
		6381D24625571B54005DAB5F /* Bridgit */ = {
			isa = PBXGroup;
			children = (
				6381D24725571B54005DAB5F /* main.cpp */,
				6381D25E255800A9005DAB5F /* AnalysePlayPBN.cpp */,
				6381D25F255800A9005DAB5F /* AnalysePlayPBN.hpp */,
				6381D262255800EB005DAB5F /* hands.cpp */,
				6381D263255800EB005DAB5F /* hands.hpp */,
			);
			path = Bridgit;
			sourceTree = "<group>";
		};
		6381D25025571CD2005DAB5F /* Products */ = {
			isa = PBXGroup;
			children = (
				6381D25425571CD3005DAB5F /* libMacDDS.dylib */,
			);
			name = Products;
			sourceTree = "<group>";
		};
		6381D25925571D2A005DAB5F /* Frameworks */ = {
			isa = PBXGroup;
			children = (
			);
			name = Frameworks;
			sourceTree = "<group>";
		};
/* End PBXGroup section */

/* Begin PBXNativeTarget section */
		6381D24325571B54005DAB5F /* Bridgit */ = {
			isa = PBXNativeTarget;
			buildConfigurationList = 6381D24B25571B54005DAB5F /* Build configuration list for PBXNativeTarget "Bridgit" */;
			buildPhases = (
				6381D24025571B54005DAB5F /* Sources */,
				6381D24125571B54005DAB5F /* Frameworks */,
				6381D24225571B54005DAB5F /* CopyFiles */,
			);
			buildRules = (
			);
			dependencies = (
				6381D25825571D11005DAB5F /* PBXTargetDependency */,
			);
			name = Bridgit;
			productName = Bridgit;
			productReference = 6381D24425571B54005DAB5F /* Bridgit */;
			productType = "com.apple.product-type.tool";
		};
/* End PBXNativeTarget section */

/* Begin PBXProject section */
		6381D23C25571B54005DAB5F /* Project object */ = {
			isa = PBXProject;
			attributes = {
				LastUpgradeCheck = 1340;
				TargetAttributes = {
					6381D24325571B54005DAB5F = {
						CreatedOnToolsVersion = 12.1;
					};
				};
			};
			buildConfigurationList = 6381D23F25571B54005DAB5F /* Build configuration list for PBXProject "Bridgit" */;
			compatibilityVersion = "Xcode 13.0";
			developmentRegion = en;
			hasScannedForEncodings = 0;
			knownRegions = (
				en,
				Base,
			);
			mainGroup = 6381D23B25571B54005DAB5F;
			productRefGroup = 6381D24525571B54005DAB5F /* Products */;
			projectDirPath = "";
			projectReferences = (
				{
					ProductGroup = 6381D25025571CD2005DAB5F /* Products */;
					ProjectRef = 6381D24F25571CD2005DAB5F /* MacDDS.xcodeproj */;
				},
			);
			projectRoot = "";
			targets = (
				6381D24325571B54005DAB5F /* Bridgit */,
			);
		};
/* End PBXProject section */

/* Begin PBXReferenceProxy section */
		6381D25425571CD3005DAB5F /* libMacDDS.dylib */ = {
			isa = PBXReferenceProxy;
			fileType = "compiled.mach-o.dylib";
			path = libMacDDS.dylib;
			remoteRef = 6381D25325571CD3005DAB5F /* PBXContainerItemProxy */;
			sourceTree = BUILT_PRODUCTS_DIR;
		};
/* End PBXReferenceProxy section */

/* Begin PBXSourcesBuildPhase section */
		6381D24025571B54005DAB5F /* Sources */ = {
			isa = PBXSourcesBuildPhase;
			buildActionMask = 2147483647;
			files = (
				6381D260255800A9005DAB5F /* AnalysePlayPBN.cpp in Sources */,
				6381D24825571B54005DAB5F /* main.cpp in Sources */,
				6381D264255800EB005DAB5F /* hands.cpp in Sources */,
			);
			runOnlyForDeploymentPostprocessing = 0;
		};
/* End PBXSourcesBuildPhase section */

/* Begin PBXTargetDependency section */
		6381D25825571D11005DAB5F /* PBXTargetDependency */ = {
			isa = PBXTargetDependency;
			name = MacDDS;
			targetProxy = 6381D25725571D11005DAB5F /* PBXContainerItemProxy */;
		};
/* End PBXTargetDependency section */

/* Begin XCBuildConfiguration section */
		6381D24925571B54005DAB5F /* Debug */ = {
			isa = XCBuildConfiguration;
			buildSettings = {
				ALWAYS_SEARCH_USER_PATHS = NO;
				CLANG_ANALYZER_NONNULL = YES;
				CLANG_ANALYZER_NUMBER_OBJECT_CONVERSION = YES_AGGRESSIVE;
				CLANG_CXX_LANGUAGE_STANDARD = "gnu++14";
				CLANG_CXX_LIBRARY = "libc++";
				CLANG_ENABLE_MODULES = YES;
				CLANG_ENABLE_OBJC_ARC = YES;
				CLANG_ENABLE_OBJC_WEAK = YES;
				CLANG_WARN_BLOCK_CAPTURE_AUTORELEASING = YES;
				CLANG_WARN_BOOL_CONVERSION = YES;
				CLANG_WARN_COMMA = YES;
				CLANG_WARN_CONSTANT_CONVERSION = YES;
				CLANG_WARN_DEPRECATED_OBJC_IMPLEMENTATIONS = YES;
				CLANG_WARN_DIRECT_OBJC_ISA_USAGE = YES_ERROR;
				CLANG_WARN_DOCUMENTATION_COMMENTS = YES;
				CLANG_WARN_EMPTY_BODY = YES;
				CLANG_WARN_ENUM_CONVERSION = YES;
				CLANG_WARN_INFINITE_RECURSION = YES;
				CLANG_WARN_INT_CONVERSION = YES;
				CLANG_WARN_NON_LITERAL_NULL_CONVERSION = YES;
				CLANG_WARN_OBJC_IMPLICIT_RETAIN_SELF = YES;
				CLANG_WARN_OBJC_LITERAL_CONVERSION = YES;
				CLANG_WARN_OBJC_ROOT_CLASS = YES_ERROR;
				CLANG_WARN_QUOTED_INCLUDE_IN_FRAMEWORK_HEADER = YES;
				CLANG_WARN_RANGE_LOOP_ANALYSIS = YES;
				CLANG_WARN_STRICT_PROTOTYPES = YES;
				CLANG_WARN_SUSPICIOUS_MOVE = YES;
				CLANG_WARN_UNGUARDED_AVAILABILITY = YES_AGGRESSIVE;
				CLANG_WARN_UNREACHABLE_CODE = YES;
				CLANG_WARN__DUPLICATE_METHOD_MATCH = YES;
				CODE_SIGN_IDENTITY = "Apple Development";
				COPY_PHASE_STRIP = NO;
				DEBUG_INFORMATION_FORMAT = dwarf;
				DEVELOPMENT_TEAM = MF4ZKXP3MU;
				ENABLE_STRICT_OBJC_MSGSEND = YES;
				ENABLE_TESTABILITY = YES;
				GCC_C_LANGUAGE_STANDARD = gnu11;
				GCC_DYNAMIC_NO_PIC = NO;
				GCC_NO_COMMON_BLOCKS = YES;
				GCC_OPTIMIZATION_LEVEL = 0;
				GCC_PREPROCESSOR_DEFINITIONS = (
					"DEBUG=1",
					"$(inherited)",
				);
				GCC_WARN_64_TO_32_BIT_CONVERSION = YES;
				GCC_WARN_ABOUT_RETURN_TYPE = YES_ERROR;
				GCC_WARN_UNDECLARED_SELECTOR = YES;
				GCC_WARN_UNINITIALIZED_AUTOS = YES_AGGRESSIVE;
				GCC_WARN_UNUSED_FUNCTION = YES;
				GCC_WARN_UNUSED_VARIABLE = YES;
				MACOSX_DEPLOYMENT_TARGET = 12.3;
				MTL_ENABLE_DEBUG_INFO = INCLUDE_SOURCE;
				MTL_FAST_MATH = YES;
				ONLY_ACTIVE_ARCH = YES;
				SDKROOT = macosx;
			};
			name = Debug;
		};
		6381D24A25571B54005DAB5F /* Release */ = {
			isa = XCBuildConfiguration;
			buildSettings = {
				ALWAYS_SEARCH_USER_PATHS = NO;
				CLANG_ANALYZER_NONNULL = YES;
				CLANG_ANALYZER_NUMBER_OBJECT_CONVERSION = YES_AGGRESSIVE;
				CLANG_CXX_LANGUAGE_STANDARD = "gnu++14";
				CLANG_CXX_LIBRARY = "libc++";
				CLANG_ENABLE_MODULES = YES;
				CLANG_ENABLE_OBJC_ARC = YES;
				CLANG_ENABLE_OBJC_WEAK = YES;
				CLANG_WARN_BLOCK_CAPTURE_AUTORELEASING = YES;
				CLANG_WARN_BOOL_CONVERSION = YES;
				CLANG_WARN_COMMA = YES;
				CLANG_WARN_CONSTANT_CONVERSION = YES;
				CLANG_WARN_DEPRECATED_OBJC_IMPLEMENTATIONS = YES;
				CLANG_WARN_DIRECT_OBJC_ISA_USAGE = YES_ERROR;
				CLANG_WARN_DOCUMENTATION_COMMENTS = YES;
				CLANG_WARN_EMPTY_BODY = YES;
				CLANG_WARN_ENUM_CONVERSION = YES;
				CLANG_WARN_INFINITE_RECURSION = YES;
				CLANG_WARN_INT_CONVERSION = YES;
				CLANG_WARN_NON_LITERAL_NULL_CONVERSION = YES;
				CLANG_WARN_OBJC_IMPLICIT_RETAIN_SELF = YES;
				CLANG_WARN_OBJC_LITERAL_CONVERSION = YES;
				CLANG_WARN_OBJC_ROOT_CLASS = YES_ERROR;
				CLANG_WARN_QUOTED_INCLUDE_IN_FRAMEWORK_HEADER = YES;
				CLANG_WARN_RANGE_LOOP_ANALYSIS = YES;
				CLANG_WARN_STRICT_PROTOTYPES = YES;
				CLANG_WARN_SUSPICIOUS_MOVE = YES;
				CLANG_WARN_UNGUARDED_AVAILABILITY = YES_AGGRESSIVE;
				CLANG_WARN_UNREACHABLE_CODE = YES;
				CLANG_WARN__DUPLICATE_METHOD_MATCH = YES;
				CODE_SIGN_IDENTITY = "Apple Development";
				COPY_PHASE_STRIP = NO;
				DEBUG_INFORMATION_FORMAT = "dwarf-with-dsym";
				DEVELOPMENT_TEAM = MF4ZKXP3MU;
				ENABLE_NS_ASSERTIONS = NO;
				ENABLE_STRICT_OBJC_MSGSEND = YES;
				GCC_C_LANGUAGE_STANDARD = gnu11;
				GCC_NO_COMMON_BLOCKS = YES;
				GCC_WARN_64_TO_32_BIT_CONVERSION = YES;
				GCC_WARN_ABOUT_RETURN_TYPE = YES_ERROR;
				GCC_WARN_UNDECLARED_SELECTOR = YES;
				GCC_WARN_UNINITIALIZED_AUTOS = YES_AGGRESSIVE;
				GCC_WARN_UNUSED_FUNCTION = YES;
				GCC_WARN_UNUSED_VARIABLE = YES;
				MACOSX_DEPLOYMENT_TARGET = 12.3;
				MTL_ENABLE_DEBUG_INFO = NO;
				MTL_FAST_MATH = YES;
				SDKROOT = macosx;
			};
			name = Release;
		};
		6381D24C25571B54005DAB5F /* Debug */ = {
			isa = XCBuildConfiguration;
			buildSettings = {
				CODE_SIGN_IDENTITY = "Apple Development";
				CODE_SIGN_STYLE = Automatic;
				DEVELOPMENT_TEAM = MF4ZKXP3MU;
				ENABLE_HARDENED_RUNTIME = YES;
				PRODUCT_NAME = "$(TARGET_NAME)";
			};
			name = Debug;
		};
		6381D24D25571B54005DAB5F /* Release */ = {
			isa = XCBuildConfiguration;
			buildSettings = {
				CODE_SIGN_IDENTITY = "Apple Development";
				CODE_SIGN_STYLE = Automatic;
				DEVELOPMENT_TEAM = MF4ZKXP3MU;
				ENABLE_HARDENED_RUNTIME = YES;
				PRODUCT_NAME = "$(TARGET_NAME)";
			};
			name = Release;
		};
/* End XCBuildConfiguration section */

/* Begin XCConfigurationList section */
		6381D23F25571B54005DAB5F /* Build configuration list for PBXProject "Bridgit" */ = {
			isa = XCConfigurationList;
			buildConfigurations = (
				6381D24925571B54005DAB5F /* Debug */,
				6381D24A25571B54005DAB5F /* Release */,
			);
			defaultConfigurationIsVisible = 0;
			defaultConfigurationName = Release;
		};
		6381D24B25571B54005DAB5F /* Build configuration list for PBXNativeTarget "Bridgit" */ = {
			isa = XCConfigurationList;
			buildConfigurations = (
				6381D24C25571B54005DAB5F /* Debug */,
				6381D24D25571B54005DAB5F /* Release */,
			);
			defaultConfigurationIsVisible = 0;
			defaultConfigurationName = Release;
		};
/* End XCConfigurationList section */
	};
	rootObject = 6381D23C25571B54005DAB5F /* Project object */;
}
